hash: 95acfd088dbaaa703765e474a12a8c673211aee5befdb0e50dd0f53aa2f4d5bd
updated: 2019-09-26T17:30:36.832633+07:00
imports:
- name: github.com/auth0/go-jwt-middleware
  version: 5493cabe49f7bfa6e2ec444a09d334d90cd4e2bd
- name: github.com/dgrijalva/jwt-go
  version: 06ea1031745cb8b3dab3f6a236daf2b0aa468b7e
- name: github.com/gorilla/mux
  version: 00bdffe0f3c77e27d2cf6f5c70232a2d3e4d9c15
- name: github.com/mmuflih/datelib
  version: b9f338a20328b1554d19fd49b4432c96e7edb45b
- name: github.com/mmuflih/go-text-log
  version: 4f2fc6ce975bbb83519f17eb073043720849b5cc
testImports: []
